// !$*UTF8*$!
{
	archiveVersion = 1;
	classes = {
	};
	objectVersion = 46;
	objects = {

/* Begin PBXBuildFile section */
		1B2C6DEB19FB3E510003E049 /* Social.framework in Frameworks */ = {isa = PBXBuildFile; fileRef = 1B2C6DEA19FB3E510003E049 /* Social.framework */; };
		1B2FE1DF19FC33A30060AE1E /* Images.xcassets in Resources */ = {isa = PBXBuildFile; fileRef = 1B2FE1DE19FC33A30060AE1E /* Images.xcassets */; };
		47AA4B4918B6E41A009C7A81 /* PokemonListCell.m in Sources */ = {isa = PBXBuildFile; fileRef = 47AA4B4818B6E41A009C7A81 /* PokemonListCell.m */; };
		47B2AC8518C0320E001D8481 /* PokemonNavigationController.m in Sources */ = {isa = PBXBuildFile; fileRef = 47B2AC8418C0320E001D8481 /* PokemonNavigationController.m */; };
		47B2AC8918C03A26001D8481 /* PokemonSideBar.m in Sources */ = {isa = PBXBuildFile; fileRef = 47B2AC8818C03A26001D8481 /* PokemonSideBar.m */; };
		47B2AC8C18C03D5B001D8481 /* PokemonAboutViewController.m in Sources */ = {isa = PBXBuildFile; fileRef = 47B2AC8B18C03D5B001D8481 /* PokemonAboutViewController.m */; };
		9984A3F518C0B3A7005C9FED /* QuartzCore.framework in Frameworks */ = {isa = PBXBuildFile; fileRef = 9984A3F418C0B3A7005C9FED /* QuartzCore.framework */; };
		9984A3F718C0B3AB005C9FED /* Accelerate.framework in Frameworks */ = {isa = PBXBuildFile; fileRef = 9984A3F618C0B3AB005C9FED /* Accelerate.framework */; };
		99EA6682181A9CEA0009259B /* Foundation.framework in Frameworks */ = {isa = PBXBuildFile; fileRef = 99EA6681181A9CEA0009259B /* Foundation.framework */; };
		99EA6684181A9CEA0009259B /* CoreGraphics.framework in Frameworks */ = {isa = PBXBuildFile; fileRef = 99EA6683181A9CEA0009259B /* CoreGraphics.framework */; };
		99EA6686181A9CEA0009259B /* UIKit.framework in Frameworks */ = {isa = PBXBuildFile; fileRef = 99EA6685181A9CEA0009259B /* UIKit.framework */; };
		99EA668C181A9CEA0009259B /* InfoPlist.strings in Resources */ = {isa = PBXBuildFile; fileRef = 99EA668A181A9CEA0009259B /* InfoPlist.strings */; };
		99EA668E181A9CEA0009259B /* main.m in Sources */ = {isa = PBXBuildFile; fileRef = 99EA668D181A9CEA0009259B /* main.m */; };
		99EA6692181A9CEA0009259B /* AppDelegate.m in Sources */ = {isa = PBXBuildFile; fileRef = 99EA6691181A9CEA0009259B /* AppDelegate.m */; };
		99EA6695181A9CEA0009259B /* Main.storyboard in Resources */ = {isa = PBXBuildFile; fileRef = 99EA6693181A9CEA0009259B /* Main.storyboard */; };
		99EA6698181A9CEA0009259B /* ViewController.m in Sources */ = {isa = PBXBuildFile; fileRef = 99EA6697181A9CEA0009259B /* ViewController.m */; };
		99EA66A1181A9CEA0009259B /* XCTest.framework in Frameworks */ = {isa = PBXBuildFile; fileRef = 99EA66A0181A9CEA0009259B /* XCTest.framework */; };
		99EA66A2181A9CEA0009259B /* Foundation.framework in Frameworks */ = {isa = PBXBuildFile; fileRef = 99EA6681181A9CEA0009259B /* Foundation.framework */; };
		99EA66A3181A9CEA0009259B /* UIKit.framework in Frameworks */ = {isa = PBXBuildFile; fileRef = 99EA6685181A9CEA0009259B /* UIKit.framework */; };
		99EA66AB181A9CEA0009259B /* InfoPlist.strings in Resources */ = {isa = PBXBuildFile; fileRef = 99EA66A9181A9CEA0009259B /* InfoPlist.strings */; };
		A964AAAE8F6F68B9D1CD9082 /* libPods.a in Frameworks */ = {isa = PBXBuildFile; fileRef = 423B8B95708A45A79D226FF2 /* libPods.a */; };
		AA2AB8371A818C0D00DA90FC /* LaunchScreen.xib in Resources */ = {isa = PBXBuildFile; fileRef = AA2AB8361A818C0D00DA90FC /* LaunchScreen.xib */; };
		AA2C7F771A8199FE00BF366C /* PokemonSkillCell.m in Sources */ = {isa = PBXBuildFile; fileRef = AA2C7F761A8199FE00BF366C /* PokemonSkillCell.m */; };
		AA34C153181D612E00C2EAE1 /* pokedex.json in Resources */ = {isa = PBXBuildFile; fileRef = AA34C152181D612E00C2EAE1 /* pokedex.json */; };
		AA34C157181D616900C2EAE1 /* PokemonCache.m in Sources */ = {isa = PBXBuildFile; fileRef = AA34C156181D616900C2EAE1 /* PokemonCache.m */; };
		AA34C158181D616900C2EAE1 /* PokemonCache.m in Sources */ = {isa = PBXBuildFile; fileRef = AA34C156181D616900C2EAE1 /* PokemonCache.m */; };
		AA396FAC1831CBD400B0A34D /* PokemonSearchViewController.m in Sources */ = {isa = PBXBuildFile; fileRef = AA396FAB1831CBD400B0A34D /* PokemonSearchViewController.m */; };
		AA396FB01831CC8800B0A34D /* BlockDataSource.m in Sources */ = {isa = PBXBuildFile; fileRef = AA396FAF1831CC8800B0A34D /* BlockDataSource.m */; };
		AA396FB31831D3FB00B0A34D /* PokemonDetailsViewController.m in Sources */ = {isa = PBXBuildFile; fileRef = AA396FB21831D3FB00B0A34D /* PokemonDetailsViewController.m */; };
		AA9D86D2183D4FC300DBC14C /* Localizable.strings in Resources */ = {isa = PBXBuildFile; fileRef = AA9D86D5183D4FC300DBC14C /* Localizable.strings */; };
		AA9D86D3183D4FC300DBC14C /* Localizable.strings in Resources */ = {isa = PBXBuildFile; fileRef = AA9D86D5183D4FC300DBC14C /* Localizable.strings */; };
		AA9D86DA183D665C00DBC14C /* SectionDataSource.m in Sources */ = {isa = PBXBuildFile; fileRef = AA9D86D9183D665C00DBC14C /* SectionDataSource.m */; };
		AA9D86DB183D665C00DBC14C /* SectionDataSource.m in Sources */ = {isa = PBXBuildFile; fileRef = AA9D86D9183D665C00DBC14C /* SectionDataSource.m */; };
		AADDFFF41829A05000A02825 /* PokemonObject.m in Sources */ = {isa = PBXBuildFile; fileRef = AADDFFF31829A05000A02825 /* PokemonObject.m */; };
		AADDFFF51829A05000A02825 /* PokemonObject.m in Sources */ = {isa = PBXBuildFile; fileRef = AADDFFF31829A05000A02825 /* PokemonObject.m */; };
		AADDFFF81829A9F700A02825 /* PokemonSkill.m in Sources */ = {isa = PBXBuildFile; fileRef = AADDFFF71829A9F700A02825 /* PokemonSkill.m */; };
		AADDFFF91829A9F700A02825 /* PokemonSkill.m in Sources */ = {isa = PBXBuildFile; fileRef = AADDFFF71829A9F700A02825 /* PokemonSkill.m */; };
		AADDFFFB1829AB3400A02825 /* PokemonObjectTests.m in Sources */ = {isa = PBXBuildFile; fileRef = AADDFFFA1829AB3400A02825 /* PokemonObjectTests.m */; };
		AADDFFFD1829AB4500A02825 /* PokemonSkillTests.m in Sources */ = {isa = PBXBuildFile; fileRef = AADDFFFC1829AB4500A02825 /* PokemonSkillTests.m */; };
/* End PBXBuildFile section */

/* Begin PBXContainerItemProxy section */
		99EA66A4181A9CEA0009259B /* PBXContainerItemProxy */ = {
			isa = PBXContainerItemProxy;
			containerPortal = 99EA6676181A9CEA0009259B /* Project object */;
			proxyType = 1;
			remoteGlobalIDString = 99EA667D181A9CEA0009259B;
			remoteInfo = PokeWeakness;
		};
/* End PBXContainerItemProxy section */

/* Begin PBXFileReference section */
		1B2C6DEA19FB3E510003E049 /* Social.framework */ = {isa = PBXFileReference; lastKnownFileType = wrapper.framework; name = Social.framework; path = System/Library/Frameworks/Social.framework; sourceTree = SDKROOT; };
		1B2FE1DE19FC33A30060AE1E /* Images.xcassets */ = {isa = PBXFileReference; lastKnownFileType = folder.assetcatalog; path = Images.xcassets; sourceTree = "<group>"; };
		423B8B95708A45A79D226FF2 /* libPods.a */ = {isa = PBXFileReference; explicitFileType = archive.ar; includeInIndex = 0; path = libPods.a; sourceTree = BUILT_PRODUCTS_DIR; };
		47AA4B4718B6E41A009C7A81 /* PokemonListCell.h */ = {isa = PBXFileReference; fileEncoding = 4; lastKnownFileType = sourcecode.c.h; path = PokemonListCell.h; sourceTree = "<group>"; };
		47AA4B4818B6E41A009C7A81 /* PokemonListCell.m */ = {isa = PBXFileReference; fileEncoding = 4; lastKnownFileType = sourcecode.c.objc; path = PokemonListCell.m; sourceTree = "<group>"; };
		47B2AC8318C0320E001D8481 /* PokemonNavigationController.h */ = {isa = PBXFileReference; fileEncoding = 4; lastKnownFileType = sourcecode.c.h; path = PokemonNavigationController.h; sourceTree = "<group>"; };
		47B2AC8418C0320E001D8481 /* PokemonNavigationController.m */ = {isa = PBXFileReference; fileEncoding = 4; lastKnownFileType = sourcecode.c.objc; path = PokemonNavigationController.m; sourceTree = "<group>"; };
		47B2AC8718C03A26001D8481 /* PokemonSideBar.h */ = {isa = PBXFileReference; fileEncoding = 4; lastKnownFileType = sourcecode.c.h; path = PokemonSideBar.h; sourceTree = "<group>"; };
		47B2AC8818C03A26001D8481 /* PokemonSideBar.m */ = {isa = PBXFileReference; fileEncoding = 4; lastKnownFileType = sourcecode.c.objc; path = PokemonSideBar.m; sourceTree = "<group>"; };
		47B2AC8A18C03D5B001D8481 /* PokemonAboutViewController.h */ = {isa = PBXFileReference; fileEncoding = 4; lastKnownFileType = sourcecode.c.h; path = PokemonAboutViewController.h; sourceTree = "<group>"; };
		47B2AC8B18C03D5B001D8481 /* PokemonAboutViewController.m */ = {isa = PBXFileReference; fileEncoding = 4; lastKnownFileType = sourcecode.c.objc; path = PokemonAboutViewController.m; sourceTree = "<group>"; };
		7833BF5DC28DC9AA1E790240 /* Pods.release.xcconfig */ = {isa = PBXFileReference; includeInIndex = 1; lastKnownFileType = text.xcconfig; name = Pods.release.xcconfig; path = "Pods/Target Support Files/Pods/Pods.release.xcconfig"; sourceTree = "<group>"; };
		86CBE2CCFECA012B1BBB85D2 /* Pods.debug.xcconfig */ = {isa = PBXFileReference; includeInIndex = 1; lastKnownFileType = text.xcconfig; name = Pods.debug.xcconfig; path = "Pods/Target Support Files/Pods/Pods.debug.xcconfig"; sourceTree = "<group>"; };
		9984A3F418C0B3A7005C9FED /* QuartzCore.framework */ = {isa = PBXFileReference; lastKnownFileType = wrapper.framework; name = QuartzCore.framework; path = System/Library/Frameworks/QuartzCore.framework; sourceTree = SDKROOT; };
		9984A3F618C0B3AB005C9FED /* Accelerate.framework */ = {isa = PBXFileReference; lastKnownFileType = wrapper.framework; name = Accelerate.framework; path = System/Library/Frameworks/Accelerate.framework; sourceTree = SDKROOT; };
		99EA667E181A9CEA0009259B /* WeaknessCalc.app */ = {isa = PBXFileReference; explicitFileType = wrapper.application; includeInIndex = 0; path = WeaknessCalc.app; sourceTree = BUILT_PRODUCTS_DIR; };
		99EA6681181A9CEA0009259B /* Foundation.framework */ = {isa = PBXFileReference; lastKnownFileType = wrapper.framework; name = Foundation.framework; path = System/Library/Frameworks/Foundation.framework; sourceTree = SDKROOT; };
		99EA6683181A9CEA0009259B /* CoreGraphics.framework */ = {isa = PBXFileReference; lastKnownFileType = wrapper.framework; name = CoreGraphics.framework; path = System/Library/Frameworks/CoreGraphics.framework; sourceTree = SDKROOT; };
		99EA6685181A9CEA0009259B /* UIKit.framework */ = {isa = PBXFileReference; lastKnownFileType = wrapper.framework; name = UIKit.framework; path = System/Library/Frameworks/UIKit.framework; sourceTree = SDKROOT; };
		99EA6689181A9CEA0009259B /* PokeWeakness-Info.plist */ = {isa = PBXFileReference; lastKnownFileType = text.plist.xml; path = "PokeWeakness-Info.plist"; sourceTree = "<group>"; };
		99EA668B181A9CEA0009259B /* en */ = {isa = PBXFileReference; lastKnownFileType = text.plist.strings; name = en; path = en.lproj/InfoPlist.strings; sourceTree = "<group>"; };
		99EA668D181A9CEA0009259B /* main.m */ = {isa = PBXFileReference; lastKnownFileType = sourcecode.c.objc; path = main.m; sourceTree = "<group>"; };
		99EA668F181A9CEA0009259B /* PokeWeakness-Prefix.pch */ = {isa = PBXFileReference; lastKnownFileType = sourcecode.c.h; path = "PokeWeakness-Prefix.pch"; sourceTree = "<group>"; };
		99EA6690181A9CEA0009259B /* AppDelegate.h */ = {isa = PBXFileReference; lastKnownFileType = sourcecode.c.h; path = AppDelegate.h; sourceTree = "<group>"; };
		99EA6691181A9CEA0009259B /* AppDelegate.m */ = {isa = PBXFileReference; lastKnownFileType = sourcecode.c.objc; path = AppDelegate.m; sourceTree = "<group>"; };
		99EA6694181A9CEA0009259B /* Base */ = {isa = PBXFileReference; lastKnownFileType = file.storyboard; name = Base; path = Base.lproj/Main.storyboard; sourceTree = "<group>"; };
		99EA6696181A9CEA0009259B /* ViewController.h */ = {isa = PBXFileReference; lastKnownFileType = sourcecode.c.h; path = ViewController.h; sourceTree = "<group>"; };
		99EA6697181A9CEA0009259B /* ViewController.m */ = {isa = PBXFileReference; lastKnownFileType = sourcecode.c.objc; path = ViewController.m; sourceTree = "<group>"; };
		99EA669F181A9CEA0009259B /* PokeWeaknessTests.xctest */ = {isa = PBXFileReference; explicitFileType = wrapper.cfbundle; includeInIndex = 0; path = PokeWeaknessTests.xctest; sourceTree = BUILT_PRODUCTS_DIR; };
		99EA66A0181A9CEA0009259B /* XCTest.framework */ = {isa = PBXFileReference; lastKnownFileType = wrapper.framework; name = XCTest.framework; path = Library/Frameworks/XCTest.framework; sourceTree = DEVELOPER_DIR; };
		99EA66A8181A9CEA0009259B /* PokeWeaknessTests-Info.plist */ = {isa = PBXFileReference; lastKnownFileType = text.plist.xml; path = "PokeWeaknessTests-Info.plist"; sourceTree = "<group>"; };
		99EA66AA181A9CEA0009259B /* en */ = {isa = PBXFileReference; lastKnownFileType = text.plist.strings; name = en; path = en.lproj/InfoPlist.strings; sourceTree = "<group>"; };
		AA2AB8361A818C0D00DA90FC /* LaunchScreen.xib */ = {isa = PBXFileReference; fileEncoding = 4; lastKnownFileType = file.xib; path = LaunchScreen.xib; sourceTree = "<group>"; };
		AA2C7F751A8199FE00BF366C /* PokemonSkillCell.h */ = {isa = PBXFileReference; fileEncoding = 4; lastKnownFileType = sourcecode.c.h; path = PokemonSkillCell.h; sourceTree = "<group>"; };
		AA2C7F761A8199FE00BF366C /* PokemonSkillCell.m */ = {isa = PBXFileReference; fileEncoding = 4; lastKnownFileType = sourcecode.c.objc; path = PokemonSkillCell.m; sourceTree = "<group>"; };
		AA34C152181D612E00C2EAE1 /* pokedex.json */ = {isa = PBXFileReference; fileEncoding = 4; lastKnownFileType = text.json; name = pokedex.json; path = Resources/pokedex.json; sourceTree = "<group>"; };
		AA34C155181D616900C2EAE1 /* PokemonCache.h */ = {isa = PBXFileReference; fileEncoding = 4; lastKnownFileType = sourcecode.c.h; path = PokemonCache.h; sourceTree = "<group>"; };
		AA34C156181D616900C2EAE1 /* PokemonCache.m */ = {isa = PBXFileReference; fileEncoding = 4; lastKnownFileType = sourcecode.c.objc; path = PokemonCache.m; sourceTree = "<group>"; };
		AA396FAA1831CBD400B0A34D /* PokemonSearchViewController.h */ = {isa = PBXFileReference; fileEncoding = 4; lastKnownFileType = sourcecode.c.h; path = PokemonSearchViewController.h; sourceTree = "<group>"; };
		AA396FAB1831CBD400B0A34D /* PokemonSearchViewController.m */ = {isa = PBXFileReference; fileEncoding = 4; lastKnownFileType = sourcecode.c.objc; path = PokemonSearchViewController.m; sourceTree = "<group>"; };
		AA396FAE1831CC8800B0A34D /* BlockDataSource.h */ = {isa = PBXFileReference; fileEncoding = 4; lastKnownFileType = sourcecode.c.h; path = BlockDataSource.h; sourceTree = "<group>"; };
		AA396FAF1831CC8800B0A34D /* BlockDataSource.m */ = {isa = PBXFileReference; fileEncoding = 4; lastKnownFileType = sourcecode.c.objc; path = BlockDataSource.m; sourceTree = "<group>"; };
		AA396FB11831D3FB00B0A34D /* PokemonDetailsViewController.h */ = {isa = PBXFileReference; fileEncoding = 4; lastKnownFileType = sourcecode.c.h; path = PokemonDetailsViewController.h; sourceTree = "<group>"; };
		AA396FB21831D3FB00B0A34D /* PokemonDetailsViewController.m */ = {isa = PBXFileReference; fileEncoding = 4; lastKnownFileType = sourcecode.c.objc; path = PokemonDetailsViewController.m; sourceTree = "<group>"; };
		AA9D86CC183D4B4B00DBC14C /* ja */ = {isa = PBXFileReference; lastKnownFileType = text.plist.strings; name = ja; path = ja.lproj/InfoPlist.strings; sourceTree = "<group>"; };
		AA9D86CD183D4B4B00DBC14C /* ja */ = {isa = PBXFileReference; lastKnownFileType = text.plist.strings; name = ja; path = ja.lproj/InfoPlist.strings; sourceTree = "<group>"; };
		AA9D86D4183D4FC300DBC14C /* Base */ = {isa = PBXFileReference; lastKnownFileType = text.plist.strings; name = Base; path = Base.lproj/Localizable.strings; sourceTree = "<group>"; };
		AA9D86D6183D4FCA00DBC14C /* ja */ = {isa = PBXFileReference; lastKnownFileType = text.plist.strings; name = ja; path = ja.lproj/Localizable.strings; sourceTree = "<group>"; };
		AA9D86D7183D4FCF00DBC14C /* en */ = {isa = PBXFileReference; lastKnownFileType = text.plist.strings; name = en; path = en.lproj/Localizable.strings; sourceTree = "<group>"; };
		AA9D86D8183D665C00DBC14C /* SectionDataSource.h */ = {isa = PBXFileReference; fileEncoding = 4; lastKnownFileType = sourcecode.c.h; path = SectionDataSource.h; sourceTree = "<group>"; };
		AA9D86D9183D665C00DBC14C /* SectionDataSource.m */ = {isa = PBXFileReference; fileEncoding = 4; lastKnownFileType = sourcecode.c.objc; path = SectionDataSource.m; sourceTree = "<group>"; };
		AADDFFF21829A05000A02825 /* PokemonObject.h */ = {isa = PBXFileReference; fileEncoding = 4; lastKnownFileType = sourcecode.c.h; path = PokemonObject.h; sourceTree = "<group>"; };
		AADDFFF31829A05000A02825 /* PokemonObject.m */ = {isa = PBXFileReference; fileEncoding = 4; lastKnownFileType = sourcecode.c.objc; path = PokemonObject.m; sourceTree = "<group>"; };
		AADDFFF61829A9F700A02825 /* PokemonSkill.h */ = {isa = PBXFileReference; fileEncoding = 4; lastKnownFileType = sourcecode.c.h; path = PokemonSkill.h; sourceTree = "<group>"; };
		AADDFFF71829A9F700A02825 /* PokemonSkill.m */ = {isa = PBXFileReference; fileEncoding = 4; lastKnownFileType = sourcecode.c.objc; path = PokemonSkill.m; sourceTree = "<group>"; };
		AADDFFFA1829AB3400A02825 /* PokemonObjectTests.m */ = {isa = PBXFileReference; fileEncoding = 4; lastKnownFileType = sourcecode.c.objc; path = PokemonObjectTests.m; sourceTree = "<group>"; };
		AADDFFFC1829AB4500A02825 /* PokemonSkillTests.m */ = {isa = PBXFileReference; fileEncoding = 4; lastKnownFileType = sourcecode.c.objc; path = PokemonSkillTests.m; sourceTree = "<group>"; };
/* End PBXFileReference section */

/* Begin PBXFrameworksBuildPhase section */
		99EA667B181A9CEA0009259B /* Frameworks */ = {
			isa = PBXFrameworksBuildPhase;
			buildActionMask = 2147483647;
			files = (
				9984A3F518C0B3A7005C9FED /* QuartzCore.framework in Frameworks */,
				1B2C6DEB19FB3E510003E049 /* Social.framework in Frameworks */,
				9984A3F718C0B3AB005C9FED /* Accelerate.framework in Frameworks */,
				99EA6684181A9CEA0009259B /* CoreGraphics.framework in Frameworks */,
				99EA6686181A9CEA0009259B /* UIKit.framework in Frameworks */,
				99EA6682181A9CEA0009259B /* Foundation.framework in Frameworks */,
				A964AAAE8F6F68B9D1CD9082 /* libPods.a in Frameworks */,
			);
			runOnlyForDeploymentPostprocessing = 0;
		};
		99EA669C181A9CEA0009259B /* Frameworks */ = {
			isa = PBXFrameworksBuildPhase;
			buildActionMask = 2147483647;
			files = (
				99EA66A1181A9CEA0009259B /* XCTest.framework in Frameworks */,
				99EA66A3181A9CEA0009259B /* UIKit.framework in Frameworks */,
				99EA66A2181A9CEA0009259B /* Foundation.framework in Frameworks */,
			);
			runOnlyForDeploymentPostprocessing = 0;
		};
/* End PBXFrameworksBuildPhase section */

/* Begin PBXGroup section */
		47AA4B4618B6E402009C7A81 /* Views */ = {
			isa = PBXGroup;
			children = (
				47AA4B4718B6E41A009C7A81 /* PokemonListCell.h */,
				47AA4B4818B6E41A009C7A81 /* PokemonListCell.m */,
				AA2C7F751A8199FE00BF366C /* PokemonSkillCell.h */,
				AA2C7F761A8199FE00BF366C /* PokemonSkillCell.m */,
			);
			name = Views;
			sourceTree = "<group>";
		};
		47B2AC8618C03A0D001D8481 /* SideBar */ = {
			isa = PBXGroup;
			children = (
				47B2AC8718C03A26001D8481 /* PokemonSideBar.h */,
				47B2AC8818C03A26001D8481 /* PokemonSideBar.m */,
			);
			name = SideBar;
			sourceTree = "<group>";
		};
		99EA6675181A9CEA0009259B = {
			isa = PBXGroup;
			children = (
				99EA6687181A9CEA0009259B /* PokeWeakness */,
				99EA66A6181A9CEA0009259B /* PokeWeaknessTests */,
				99EA6680181A9CEA0009259B /* Frameworks */,
				99EA667F181A9CEA0009259B /* Products */,
				CB206CED613DFE625A49625F /* Pods */,
			);
			sourceTree = "<group>";
		};
		99EA667F181A9CEA0009259B /* Products */ = {
			isa = PBXGroup;
			children = (
				99EA667E181A9CEA0009259B /* WeaknessCalc.app */,
				99EA669F181A9CEA0009259B /* PokeWeaknessTests.xctest */,
			);
			name = Products;
			sourceTree = "<group>";
		};
		99EA6680181A9CEA0009259B /* Frameworks */ = {
			isa = PBXGroup;
			children = (
				1B2C6DEA19FB3E510003E049 /* Social.framework */,
				9984A3F618C0B3AB005C9FED /* Accelerate.framework */,
				9984A3F418C0B3A7005C9FED /* QuartzCore.framework */,
				99EA6681181A9CEA0009259B /* Foundation.framework */,
				99EA6683181A9CEA0009259B /* CoreGraphics.framework */,
				99EA6685181A9CEA0009259B /* UIKit.framework */,
				99EA66A0181A9CEA0009259B /* XCTest.framework */,
				423B8B95708A45A79D226FF2 /* libPods.a */,
			);
			name = Frameworks;
			sourceTree = "<group>";
		};
		99EA6687181A9CEA0009259B /* PokeWeakness */ = {
			isa = PBXGroup;
			children = (
				47B2AC8618C03A0D001D8481 /* SideBar */,
				47AA4B4618B6E402009C7A81 /* Views */,
				AA396FAD1831CC1100B0A34D /* DataSource */,
				AA396FA91831CB8000B0A34D /* ViewControllers */,
				AADDFFF11829A03200A02825 /* Model */,
				AA34C154181D615300C2EAE1 /* Parser */,
				AA34C151181D60B000C2EAE1 /* Resources */,
				99EA6690181A9CEA0009259B /* AppDelegate.h */,
				99EA6691181A9CEA0009259B /* AppDelegate.m */,
				99EA6693181A9CEA0009259B /* Main.storyboard */,
				99EA6696181A9CEA0009259B /* ViewController.h */,
				AA2AB8361A818C0D00DA90FC /* LaunchScreen.xib */,
				99EA6697181A9CEA0009259B /* ViewController.m */,
				1B2FE1DE19FC33A30060AE1E /* Images.xcassets */,
				99EA6688181A9CEA0009259B /* Supporting Files */,
			);
			path = PokeWeakness;
			sourceTree = "<group>";
		};
		99EA6688181A9CEA0009259B /* Supporting Files */ = {
			isa = PBXGroup;
			children = (
				99EA6689181A9CEA0009259B /* PokeWeakness-Info.plist */,
				99EA668A181A9CEA0009259B /* InfoPlist.strings */,
				99EA668D181A9CEA0009259B /* main.m */,
				99EA668F181A9CEA0009259B /* PokeWeakness-Prefix.pch */,
				AA9D86D5183D4FC300DBC14C /* Localizable.strings */,
			);
			name = "Supporting Files";
			sourceTree = "<group>";
		};
		99EA66A6181A9CEA0009259B /* PokeWeaknessTests */ = {
			isa = PBXGroup;
			children = (
				99EA66A7181A9CEA0009259B /* Supporting Files */,
				AADDFFFA1829AB3400A02825 /* PokemonObjectTests.m */,
				AADDFFFC1829AB4500A02825 /* PokemonSkillTests.m */,
			);
			path = PokeWeaknessTests;
			sourceTree = "<group>";
		};
		99EA66A7181A9CEA0009259B /* Supporting Files */ = {
			isa = PBXGroup;
			children = (
				99EA66A8181A9CEA0009259B /* PokeWeaknessTests-Info.plist */,
				99EA66A9181A9CEA0009259B /* InfoPlist.strings */,
			);
			name = "Supporting Files";
			sourceTree = "<group>";
		};
		AA34C151181D60B000C2EAE1 /* Resources */ = {
			isa = PBXGroup;
			children = (
				AA9D86CE183D4C1A00DBC14C /* Strings */,
				AA34C152181D612E00C2EAE1 /* pokedex.json */,
			);
			name = Resources;
			sourceTree = "<group>";
		};
		AA34C154181D615300C2EAE1 /* Parser */ = {
			isa = PBXGroup;
			children = (
				AA34C155181D616900C2EAE1 /* PokemonCache.h */,
				AA34C156181D616900C2EAE1 /* PokemonCache.m */,
			);
			name = Parser;
			sourceTree = "<group>";
		};
		AA396FA91831CB8000B0A34D /* ViewControllers */ = {
			isa = PBXGroup;
			children = (
				AA396FAA1831CBD400B0A34D /* PokemonSearchViewController.h */,
				AA396FAB1831CBD400B0A34D /* PokemonSearchViewController.m */,
				AA396FB11831D3FB00B0A34D /* PokemonDetailsViewController.h */,
				AA396FB21831D3FB00B0A34D /* PokemonDetailsViewController.m */,
				47B2AC8318C0320E001D8481 /* PokemonNavigationController.h */,
				47B2AC8418C0320E001D8481 /* PokemonNavigationController.m */,
				47B2AC8A18C03D5B001D8481 /* PokemonAboutViewController.h */,
				47B2AC8B18C03D5B001D8481 /* PokemonAboutViewController.m */,
			);
			name = ViewControllers;
			sourceTree = "<group>";
		};
		AA396FAD1831CC1100B0A34D /* DataSource */ = {
			isa = PBXGroup;
			children = (
				AA396FAE1831CC8800B0A34D /* BlockDataSource.h */,
				AA396FAF1831CC8800B0A34D /* BlockDataSource.m */,
				AA9D86D8183D665C00DBC14C /* SectionDataSource.h */,
				AA9D86D9183D665C00DBC14C /* SectionDataSource.m */,
			);
			name = DataSource;
			sourceTree = "<group>";
		};
		AA9D86CE183D4C1A00DBC14C /* Strings */ = {
			isa = PBXGroup;
			children = (
			);
			name = Strings;
			sourceTree = "<group>";
		};
		AADDFFF11829A03200A02825 /* Model */ = {
			isa = PBXGroup;
			children = (
				AADDFFF21829A05000A02825 /* PokemonObject.h */,
				AADDFFF31829A05000A02825 /* PokemonObject.m */,
				AADDFFF61829A9F700A02825 /* PokemonSkill.h */,
				AADDFFF71829A9F700A02825 /* PokemonSkill.m */,
			);
			name = Model;
			sourceTree = "<group>";
		};
		CB206CED613DFE625A49625F /* Pods */ = {
			isa = PBXGroup;
			children = (
				86CBE2CCFECA012B1BBB85D2 /* Pods.debug.xcconfig */,
				7833BF5DC28DC9AA1E790240 /* Pods.release.xcconfig */,
			);
			name = Pods;
			sourceTree = "<group>";
		};
/* End PBXGroup section */

/* Begin PBXNativeTarget section */
		99EA667D181A9CEA0009259B /* PokeWeakness */ = {
			isa = PBXNativeTarget;
			buildConfigurationList = 99EA66B0181A9CEA0009259B /* Build configuration list for PBXNativeTarget "PokeWeakness" */;
			buildPhases = (
				E7F409F33C50494DBDD84712 /* Check Pods Manifest.lock */,
				99EA667A181A9CEA0009259B /* Sources */,
				99EA667B181A9CEA0009259B /* Frameworks */,
				99EA667C181A9CEA0009259B /* Resources */,
				81DDE53E227F457C9682314C /* Copy Pods Resources */,
			);
			buildRules = (
			);
			dependencies = (
			);
			name = PokeWeakness;
			productName = PokeWeakness;
			productReference = 99EA667E181A9CEA0009259B /* WeaknessCalc.app */;
			productType = "com.apple.product-type.application";
		};
		99EA669E181A9CEA0009259B /* PokeWeaknessTests */ = {
			isa = PBXNativeTarget;
			buildConfigurationList = 99EA66B3181A9CEA0009259B /* Build configuration list for PBXNativeTarget "PokeWeaknessTests" */;
			buildPhases = (
				99EA669B181A9CEA0009259B /* Sources */,
				99EA669C181A9CEA0009259B /* Frameworks */,
				99EA669D181A9CEA0009259B /* Resources */,
			);
			buildRules = (
			);
			dependencies = (
				99EA66A5181A9CEA0009259B /* PBXTargetDependency */,
			);
			name = PokeWeaknessTests;
			productName = PokeWeaknessTests;
			productReference = 99EA669F181A9CEA0009259B /* PokeWeaknessTests.xctest */;
			productType = "com.apple.product-type.bundle.unit-test";
		};
/* End PBXNativeTarget section */

/* Begin PBXProject section */
		99EA6676181A9CEA0009259B /* Project object */ = {
			isa = PBXProject;
			attributes = {
				LastUpgradeCheck = 0610;
				ORGANIZATIONNAME = "Leonardo Tsuda";
				TargetAttributes = {
					99EA667D181A9CEA0009259B = {
						DevelopmentTeam = H7US45YQ9L;
					};
					99EA669E181A9CEA0009259B = {
						TestTargetID = 99EA667D181A9CEA0009259B;
					};
				};
			};
			buildConfigurationList = 99EA6679181A9CEA0009259B /* Build configuration list for PBXProject "WeaknessCalc" */;
			compatibilityVersion = "Xcode 3.2";
			developmentRegion = English;
			hasScannedForEncodings = 0;
			knownRegions = (
				en,
				Base,
				ja,
			);
			mainGroup = 99EA6675181A9CEA0009259B;
			productRefGroup = 99EA667F181A9CEA0009259B /* Products */;
			projectDirPath = "";
			projectRoot = "";
			targets = (
				99EA667D181A9CEA0009259B /* PokeWeakness */,
				99EA669E181A9CEA0009259B /* PokeWeaknessTests */,
			);
		};
/* End PBXProject section */

/* Begin PBXResourcesBuildPhase section */
		99EA667C181A9CEA0009259B /* Resources */ = {
			isa = PBXResourcesBuildPhase;
			buildActionMask = 2147483647;
			files = (
				AA9D86D2183D4FC300DBC14C /* Localizable.strings in Resources */,
				1B2FE1DF19FC33A30060AE1E /* Images.xcassets in Resources */,
				AA34C153181D612E00C2EAE1 /* pokedex.json in Resources */,
				99EA668C181A9CEA0009259B /* InfoPlist.strings in Resources */,
				AA2AB8371A818C0D00DA90FC /* LaunchScreen.xib in Resources */,
				99EA6695181A9CEA0009259B /* Main.storyboard in Resources */,
			);
			runOnlyForDeploymentPostprocessing = 0;
		};
		99EA669D181A9CEA0009259B /* Resources */ = {
			isa = PBXResourcesBuildPhase;
			buildActionMask = 2147483647;
			files = (
				99EA66AB181A9CEA0009259B /* InfoPlist.strings in Resources */,
				AA9D86D3183D4FC300DBC14C /* Localizable.strings in Resources */,
			);
			runOnlyForDeploymentPostprocessing = 0;
		};
/* End PBXResourcesBuildPhase section */

/* Begin PBXShellScriptBuildPhase section */
		81DDE53E227F457C9682314C /* Copy Pods Resources */ = {
			isa = PBXShellScriptBuildPhase;
			buildActionMask = 2147483647;
			files = (
			);
			inputPaths = (
			);
			name = "Copy Pods Resources";
			outputPaths = (
			);
			runOnlyForDeploymentPostprocessing = 0;
			shellPath = /bin/sh;
			shellScript = "\"${SRCROOT}/Pods/Target Support Files/Pods/Pods-resources.sh\"\n";
			showEnvVarsInLog = 0;
		};
		E7F409F33C50494DBDD84712 /* Check Pods Manifest.lock */ = {
			isa = PBXShellScriptBuildPhase;
			buildActionMask = 2147483647;
			files = (
			);
			inputPaths = (
			);
			name = "Check Pods Manifest.lock";
			outputPaths = (
			);
			runOnlyForDeploymentPostprocessing = 0;
			shellPath = /bin/sh;
			shellScript = "diff \"${PODS_ROOT}/../Podfile.lock\" \"${PODS_ROOT}/Manifest.lock\" > /dev/null\nif [[ $? != 0 ]] ; then\n    cat << EOM\nerror: The sandbox is not in sync with the Podfile.lock. Run 'pod install' or update your CocoaPods installation.\nEOM\n    exit 1\nfi\n";
			showEnvVarsInLog = 0;
		};
/* End PBXShellScriptBuildPhase section */

/* Begin PBXSourcesBuildPhase section */
		99EA667A181A9CEA0009259B /* Sources */ = {
			isa = PBXSourcesBuildPhase;
			buildActionMask = 2147483647;
			files = (
				AADDFFF41829A05000A02825 /* PokemonObject.m in Sources */,
				AA34C157181D616900C2EAE1 /* PokemonCache.m in Sources */,
				47AA4B4918B6E41A009C7A81 /* PokemonListCell.m in Sources */,
				47B2AC8918C03A26001D8481 /* PokemonSideBar.m in Sources */,
				AA396FB01831CC8800B0A34D /* BlockDataSource.m in Sources */,
				AA396FAC1831CBD400B0A34D /* PokemonSearchViewController.m in Sources */,
				47B2AC8C18C03D5B001D8481 /* PokemonAboutViewController.m in Sources */,
				47B2AC8518C0320E001D8481 /* PokemonNavigationController.m in Sources */,
				AA2C7F771A8199FE00BF366C /* PokemonSkillCell.m in Sources */,
				99EA6698181A9CEA0009259B /* ViewController.m in Sources */,
				AADDFFF81829A9F700A02825 /* PokemonSkill.m in Sources */,
				AA9D86DA183D665C00DBC14C /* SectionDataSource.m in Sources */,
				AA396FB31831D3FB00B0A34D /* PokemonDetailsViewController.m in Sources */,
				99EA6692181A9CEA0009259B /* AppDelegate.m in Sources */,
				99EA668E181A9CEA0009259B /* main.m in Sources */,
			);
			runOnlyForDeploymentPostprocessing = 0;
		};
		99EA669B181A9CEA0009259B /* Sources */ = {
			isa = PBXSourcesBuildPhase;
			buildActionMask = 2147483647;
			files = (
				AADDFFFD1829AB4500A02825 /* PokemonSkillTests.m in Sources */,
				AADDFFF51829A05000A02825 /* PokemonObject.m in Sources */,
				AA9D86DB183D665C00DBC14C /* SectionDataSource.m in Sources */,
				AADDFFF91829A9F700A02825 /* PokemonSkill.m in Sources */,
				AADDFFFB1829AB3400A02825 /* PokemonObjectTests.m in Sources */,
				AA34C158181D616900C2EAE1 /* PokemonCache.m in Sources */,
			);
			runOnlyForDeploymentPostprocessing = 0;
		};
/* End PBXSourcesBuildPhase section */

/* Begin PBXTargetDependency section */
		99EA66A5181A9CEA0009259B /* PBXTargetDependency */ = {
			isa = PBXTargetDependency;
			target = 99EA667D181A9CEA0009259B /* PokeWeakness */;
			targetProxy = 99EA66A4181A9CEA0009259B /* PBXContainerItemProxy */;
		};
/* End PBXTargetDependency section */

/* Begin PBXVariantGroup section */
		99EA668A181A9CEA0009259B /* InfoPlist.strings */ = {
			isa = PBXVariantGroup;
			children = (
				99EA668B181A9CEA0009259B /* en */,
				AA9D86CC183D4B4B00DBC14C /* ja */,
			);
			name = InfoPlist.strings;
			sourceTree = "<group>";
		};
		99EA6693181A9CEA0009259B /* Main.storyboard */ = {
			isa = PBXVariantGroup;
			children = (
				99EA6694181A9CEA0009259B /* Base */,
			);
			name = Main.storyboard;
			sourceTree = "<group>";
		};
		99EA66A9181A9CEA0009259B /* InfoPlist.strings */ = {
			isa = PBXVariantGroup;
			children = (
				99EA66AA181A9CEA0009259B /* en */,
				AA9D86CD183D4B4B00DBC14C /* ja */,
			);
			name = InfoPlist.strings;
			sourceTree = "<group>";
		};
		AA9D86D5183D4FC300DBC14C /* Localizable.strings */ = {
			isa = PBXVariantGroup;
			children = (
				AA9D86D4183D4FC300DBC14C /* Base */,
				AA9D86D6183D4FCA00DBC14C /* ja */,
				AA9D86D7183D4FCF00DBC14C /* en */,
			);
			name = Localizable.strings;
			sourceTree = "<group>";
		};
/* End PBXVariantGroup section */

/* Begin XCBuildConfiguration section */
		99EA66AE181A9CEA0009259B /* Debug */ = {
			isa = XCBuildConfiguration;
			buildSettings = {
				ALWAYS_SEARCH_USER_PATHS = NO;
				CLANG_CXX_LANGUAGE_STANDARD = "gnu++0x";
				CLANG_CXX_LIBRARY = "libc++";
				CLANG_ENABLE_MODULES = YES;
				CLANG_ENABLE_OBJC_ARC = YES;
				CLANG_WARN_BOOL_CONVERSION = YES;
				CLANG_WARN_CONSTANT_CONVERSION = YES;
				CLANG_WARN_DIRECT_OBJC_ISA_USAGE = YES_ERROR;
				CLANG_WARN_EMPTY_BODY = YES;
				CLANG_WARN_ENUM_CONVERSION = YES;
				CLANG_WARN_INT_CONVERSION = YES;
				CLANG_WARN_OBJC_ROOT_CLASS = YES_ERROR;
				CLANG_WARN__DUPLICATE_METHOD_MATCH = YES;
				CODE_SIGN_IDENTITY = "iPhone Distribution";
				"CODE_SIGN_IDENTITY[sdk=iphoneos*]" = "iPhone Distribution";
				COPY_PHASE_STRIP = NO;
				GCC_C_LANGUAGE_STANDARD = gnu99;
				GCC_DYNAMIC_NO_PIC = NO;
				GCC_OPTIMIZATION_LEVEL = 0;
				GCC_PREPROCESSOR_DEFINITIONS = (
					"DEBUG=1",
					"$(inherited)",
				);
				GCC_SYMBOLS_PRIVATE_EXTERN = NO;
				GCC_WARN_64_TO_32_BIT_CONVERSION = YES;
				GCC_WARN_ABOUT_RETURN_TYPE = YES_ERROR;
				GCC_WARN_UNDECLARED_SELECTOR = YES;
				GCC_WARN_UNINITIALIZED_AUTOS = YES;
				GCC_WARN_UNUSED_FUNCTION = YES;
				GCC_WARN_UNUSED_VARIABLE = YES;
				IPHONEOS_DEPLOYMENT_TARGET = 7.0;
				ONLY_ACTIVE_ARCH = YES;
				SDKROOT = iphoneos;
			};
			name = Debug;
		};
		99EA66AF181A9CEA0009259B /* Release */ = {
			isa = XCBuildConfiguration;
			buildSettings = {
				ALWAYS_SEARCH_USER_PATHS = NO;
				CLANG_CXX_LANGUAGE_STANDARD = "gnu++0x";
				CLANG_CXX_LIBRARY = "libc++";
				CLANG_ENABLE_MODULES = YES;
				CLANG_ENABLE_OBJC_ARC = YES;
				CLANG_WARN_BOOL_CONVERSION = YES;
				CLANG_WARN_CONSTANT_CONVERSION = YES;
				CLANG_WARN_DIRECT_OBJC_ISA_USAGE = YES_ERROR;
				CLANG_WARN_EMPTY_BODY = YES;
				CLANG_WARN_ENUM_CONVERSION = YES;
				CLANG_WARN_INT_CONVERSION = YES;
				CLANG_WARN_OBJC_ROOT_CLASS = YES_ERROR;
				CLANG_WARN__DUPLICATE_METHOD_MATCH = YES;
				CODE_SIGN_IDENTITY = "iPhone Distribution";
				"CODE_SIGN_IDENTITY[sdk=iphoneos*]" = "iPhone Distribution";
				COPY_PHASE_STRIP = YES;
				ENABLE_NS_ASSERTIONS = NO;
				GCC_C_LANGUAGE_STANDARD = gnu99;
				GCC_WARN_64_TO_32_BIT_CONVERSION = YES;
				GCC_WARN_ABOUT_RETURN_TYPE = YES_ERROR;
				GCC_WARN_UNDECLARED_SELECTOR = YES;
				GCC_WARN_UNINITIALIZED_AUTOS = YES;
				GCC_WARN_UNUSED_FUNCTION = YES;
				GCC_WARN_UNUSED_VARIABLE = YES;
				IPHONEOS_DEPLOYMENT_TARGET = 7.0;
				SDKROOT = iphoneos;
				VALIDATE_PRODUCT = YES;
			};
			name = Release;
		};
		99EA66B1181A9CEA0009259B /* Debug */ = {
			isa = XCBuildConfiguration;
			baseConfigurationReference = 86CBE2CCFECA012B1BBB85D2 /* Pods.debug.xcconfig */;
			buildSettings = {
				ASSETCATALOG_COMPILER_APPICON_NAME = AppIcon;
				ASSETCATALOG_COMPILER_LAUNCHIMAGE_NAME = LaunchImage;
				CODE_SIGN_IDENTITY = "iPhone Developer";
				"CODE_SIGN_IDENTITY[sdk=iphoneos*]" = "iPhone Developer";
				GCC_PRECOMPILE_PREFIX_HEADER = YES;
				GCC_PREFIX_HEADER = "PokeWeakness/PokeWeakness-Prefix.pch";
				INFOPLIST_FILE = "PokeWeakness/PokeWeakness-Info.plist";
				IPHONEOS_DEPLOYMENT_TARGET = 7.0;
				ONLY_ACTIVE_ARCH = YES;
				PRODUCT_NAME = WeaknessCalc;
				PROVISIONING_PROFILE = "";
				TARGETED_DEVICE_FAMILY = 1;
				WRAPPER_EXTENSION = app;
			};
			name = Debug;
		};
		99EA66B2181A9CEA0009259B /* Release */ = {
			isa = XCBuildConfiguration;
			baseConfigurationReference = 7833BF5DC28DC9AA1E790240 /* Pods.release.xcconfig */;
			buildSettings = {
				ASSETCATALOG_COMPILER_APPICON_NAME = AppIcon;
				ASSETCATALOG_COMPILER_LAUNCHIMAGE_NAME = LaunchImage;
				CODE_SIGN_IDENTITY = "iPhone Developer";
				"CODE_SIGN_IDENTITY[sdk=iphoneos*]" = "iPhone Developer";
				GCC_PRECOMPILE_PREFIX_HEADER = YES;
				GCC_PREFIX_HEADER = "PokeWeakness/PokeWeakness-Prefix.pch";
				INFOPLIST_FILE = "PokeWeakness/PokeWeakness-Info.plist";
				IPHONEOS_DEPLOYMENT_TARGET = 7.0;
				ONLY_ACTIVE_ARCH = NO;
				PRODUCT_NAME = WeaknessCalc;
				PROVISIONING_PROFILE = "";
				TARGETED_DEVICE_FAMILY = 1;
				WRAPPER_EXTENSION = app;
			};
			name = Release;
		};
		99EA66B4181A9CEA0009259B /* Debug */ = {
			isa = XCBuildConfiguration;
			buildSettings = {
				BUNDLE_LOADER = "$(TEST_HOST)";
				FRAMEWORK_SEARCH_PATHS = (
					"$(SDKROOT)/Developer/Library/Frameworks",
					"$(inherited)",
					"$(DEVELOPER_FRAMEWORKS_DIR)",
				);
				GCC_PRECOMPILE_PREFIX_HEADER = YES;
				GCC_PREFIX_HEADER = "PokeWeakness/PokeWeakness-Prefix.pch";
				GCC_PREPROCESSOR_DEFINITIONS = (
					"DEBUG=1",
					"$(inherited)",
				);
				INFOPLIST_FILE = "PokeWeaknessTests/PokeWeaknessTests-Info.plist";
				PRODUCT_NAME = "$(TARGET_NAME)";
				TEST_HOST = "$(BUILT_PRODUCTS_DIR)/WeaknessCalc.app/WeaknessCalc";
				WRAPPER_EXTENSION = xctest;
			};
			name = Debug;
		};
		99EA66B5181A9CEA0009259B /* Release */ = {
			isa = XCBuildConfiguration;
			buildSettings = {
				BUNDLE_LOADER = "$(TEST_HOST)";
				FRAMEWORK_SEARCH_PATHS = (
					"$(SDKROOT)/Developer/Library/Frameworks",
					"$(inherited)",
					"$(DEVELOPER_FRAMEWORKS_DIR)",
				);
				GCC_PRECOMPILE_PREFIX_HEADER = YES;
				GCC_PREFIX_HEADER = "PokeWeakness/PokeWeakness-Prefix.pch";
				INFOPLIST_FILE = "PokeWeaknessTests/PokeWeaknessTests-Info.plist";
				PRODUCT_NAME = "$(TARGET_NAME)";
				TEST_HOST = "$(BUILT_PRODUCTS_DIR)/WeaknessCalc.app/WeaknessCalc";
				WRAPPER_EXTENSION = xctest;
			};
			name = Release;
		};
/* End XCBuildConfiguration section */

/* Begin XCConfigurationList section */
		99EA6679181A9CEA0009259B /* Build configuration list for PBXProject "WeaknessCalc" */ = {
			isa = XCConfigurationList;
			buildConfigurations = (
				99EA66AE181A9CEA0009259B /* Debug */,
				99EA66AF181A9CEA0009259B /* Release */,
			);
			defaultConfigurationIsVisible = 0;
			defaultConfigurationName = Release;
		};
		99EA66B0181A9CEA0009259B /* Build configuration list for PBXNativeTarget "PokeWeakness" */ = {
			isa = XCConfigurationList;
			buildConfigurations = (
				99EA66B1181A9CEA0009259B /* Debug */,
				99EA66B2181A9CEA0009259B /* Release */,
			);
			defaultConfigurationIsVisible = 0;
			defaultConfigurationName = Release;
		};
		99EA66B3181A9CEA0009259B /* Build configuration list for PBXNativeTarget "PokeWeaknessTests" */ = {
			isa = XCConfigurationList;
			buildConfigurations = (
				99EA66B4181A9CEA0009259B /* Debug */,
				99EA66B5181A9CEA0009259B /* Release */,
			);
			defaultConfigurationIsVisible = 0;
			defaultConfigurationName = Release;
		};
/* End XCConfigurationList section */
	};
	rootObject = 99EA6676181A9CEA0009259B /* Project object */;
}
